{
    "name": "【大转盘｜九宫格｜老虎机】抽奖插件 ",
    "version": "v0.0.10.0",
    "lockfileVersion": 2,
    "requires": true,
    "packages": {
        "": {
            "name": "【大转盘｜九宫格｜老虎机】抽奖插件 ",
            "version": "v0.0.10.0",
            "dependencies": {
                "@lucky-canvas/uni": "^0.0.10",
                "axios": "^0.26.1"
            }
        },
        "node_modules/@lucky-canvas/uni": {
            "version": "0.0.10",
            "resolved": "https://registry.npmmirror.com/@lucky-canvas/uni/-/uni-0.0.10.tgz",
            "integrity": "sha512-1K7SPr0FT1PfHRYXEh9CwOA/UqayxQosOA8wkZ3w3dfpoB8dij8Y6QGPKjHOMvHRRD1qFU3AEY7XVytjuktVaw==",
            "dependencies": {
                "lucky-canvas": "~1.7.19"
            }
        },
        "node_modules/axios": {
            "version": "0.26.1",
            "resolved": "https://registry.npmmirror.com/axios/-/axios-0.26.1.tgz",
            "integrity": "sha512-fPwcX4EvnSHuInCMItEhAGnaSEXRBjtzh9fOtsE6E1G6p7vl7edEeZe11QHf18+6+9gR5PbKV/sGKNaD8YaMeA==",
            "dependencies": {
                "follow-redirects": "^1.14.8"
            }
        },
        "node_modules/follow-redirects": {
            "version": "1.14.9",
            "resolved": "https://registry.npmmirror.com/follow-redirects/-/follow-redirects-1.14.9.tgz",
            "integrity": "sha512-MQDfihBQYMcyy5dhRDJUHcw7lb2Pv/TuE6xP1vyraLukNDHKbDxDNaOE3NbCAdKQApno+GPRyo1YAp89yCjK4w==",
            "engines": {
                "node": ">=4.0"
            },
            "peerDependenciesMeta": {
                "debug": {
                    "optional": true
                }
            }
        },
        "node_modules/lucky-canvas": {
            "version": "1.7.20",
            "resolved": "https://registry.npmmirror.com/lucky-canvas/-/lucky-canvas-1.7.20.tgz",
            "integrity": "sha512-tCUdJZnS6B5SP8Gt2eu4FiMSPP67mRYa4dgHjjSiQgjk+7gvROdLJZOncy3lceKxYcoAFXwLswYRo5nX6enijA=="
        }
    },
    "dependencies": {
        "@lucky-canvas/uni": {
            "version": "0.0.10",
            "resolved": "https://registry.npmmirror.com/@lucky-canvas/uni/-/uni-0.0.10.tgz",
            "integrity": "sha512-1K7SPr0FT1PfHRYXEh9CwOA/UqayxQosOA8wkZ3w3dfpoB8dij8Y6QGPKjHOMvHRRD1qFU3AEY7XVytjuktVaw==",
            "requires": {
                "lucky-canvas": "~1.7.19"
            }
        },
        "axios": {
            "version": "0.26.1",
            "resolved": "https://registry.npmmirror.com/axios/-/axios-0.26.1.tgz",
            "integrity": "sha512-fPwcX4EvnSHuInCMItEhAGnaSEXRBjtzh9fOtsE6E1G6p7vl7edEeZe11QHf18+6+9gR5PbKV/sGKNaD8YaMeA==",
            "requires": {
                "follow-redirects": "^1.14.8"
            }
        },
        "follow-redirects": {
            "version": "1.14.9",
            "resolved": "https://registry.npmmirror.com/follow-redirects/-/follow-redirects-1.14.9.tgz",
            "integrity": "sha512-MQDfihBQYMcyy5dhRDJUHcw7lb2Pv/TuE6xP1vyraLukNDHKbDxDNaOE3NbCAdKQApno+GPRyo1YAp89yCjK4w=="
        },
        "lucky-canvas": {
            "version": "1.7.20",
            "resolved": "https://registry.npmmirror.com/lucky-canvas/-/lucky-canvas-1.7.20.tgz",
            "integrity": "sha512-tCUdJZnS6B5SP8Gt2eu4FiMSPP67mRYa4dgHjjSiQgjk+7gvROdLJZOncy3lceKxYcoAFXwLswYRo5nX6enijA=="
        }
    }
}
